Microsoft Visual Studio Solution File, Format Version 12.00
# Visual Studio 2012
Project("{FAE04EC0-301F-11D3-BF4B-00C04F79EFBC}") = "Lab Bold Run", "Lab Bold Run.csproj", "{2A913D67-AB13-4A04-9C89-4F1D7010931B}"
EndProject
Global
	GlobalSection(SolutionConfigurationPlatforms) = preSolution
	Debug|Any CPU = Debug|Any CPU
	ExportDebug|Any CPU = ExportDebug|Any CPU
	ExportRelease|Any CPU = ExportRelease|Any CPU
	EndGlobalSection
	GlobalSection(ProjectConfigurationPlatforms) = postSolution
		{2A913D67-AB13-4A04-9C89-4F1D7010931B}.Debug|Any CPU.ActiveCfg = Debug|Any CPU
		{2A913D67-AB13-4A04-9C89-4F1D7010931B}.Debug|Any CPU.Build.0 = Debug|Any CPU
		{2A913D67-AB13-4A04-9C89-4F1D7010931B}.ExportDebug|Any CPU.ActiveCfg = ExportDebug|Any CPU
		{2A913D67-AB13-4A04-9C89-4F1D7010931B}.ExportDebug|Any CPU.Build.0 = ExportDebug|Any CPU
		{2A913D67-AB13-4A04-9C89-4F1D7010931B}.ExportRelease|Any CPU.ActiveCfg = ExportRelease|Any CPU
		{2A913D67-AB13-4A04-9C89-4F1D7010931B}.ExportRelease|Any CPU.Build.0 = ExportRelease|Any CPU
	EndGlobalSection
EndGlobal
